
Microsoft Visual Studio Solution File, Format Version 12.00
# Visual Studio Version 16
VisualStudioVersion = 16.0.30523.141
MinimumVisualStudioVersion = 10.0.40219.1
Project("{FAE04EC0-301F-11D3-BF4B-00C04F79EFBC}") = "ArduinoTester", "ArduinoTester\ArduinoTester.csproj", "{E42FF8C4-E081-4EF1-8D5E-C9CECDCF89F4}"
EndProject
Global
	GlobalSection(SolutionConfigurationPlatforms) = preSolution
		Debug|Any CPU = Debug|Any CPU
		Release|Any CPU = Release|Any CPU
	EndGlobalSection
	GlobalSection(ProjectConfigurationPlatforms) = postSolution
		{E42FF8C4-E081-4EF1-8D5E-C9CECDCF89F4}.Debug|Any CPU.ActiveCfg = Debug|Any CPU
		{E42FF8C4-E081-4EF1-8D5E-C9CECDCF89F4}.Debug|Any CPU.Build.0 = Debug|Any CPU
		{E42FF8C4-E081-4EF1-8D5E-C9CECDCF89F4}.Release|Any CPU.ActiveCfg = Release|Any CPU
		{E42FF8C4-E081-4EF1-8D5E-C9CECDCF89F4}.Release|Any CPU.Build.0 = Release|Any CPU
	EndGlobalSection
	GlobalSection(SolutionProperties) = preSolution
		HideSolutionNode = FALSE
	EndGlobalSection
	GlobalSection(ExtensibilityGlobals) = postSolution
		SolutionGuid = {D59D1CDA-D3E8-4AAC-873A-6BE55326810A}
	EndGlobalSection
EndGlobal
