
Microsoft Visual Studio Solution File, Format Version 12.00
# Visual Studio Version 16
VisualStudioVersion = 16.0.30523.141
MinimumVisualStudioVersion = 10.0.40219.1
Project("{FAE04EC0-301F-11D3-BF4B-00C04F79EFBC}") = "OOPTraffic", "OOPTraffic\OOPTraffic.csproj", "{4463A200-9D94-4B7B-88B5-4414E59FBBA9}"
EndProject
Global
	GlobalSection(SolutionConfigurationPlatforms) = preSolution
		Debug|Any CPU = Debug|Any CPU
		Release|Any CPU = Release|Any CPU
	EndGlobalSection
	GlobalSection(ProjectConfigurationPlatforms) = postSolution
		{4463A200-9D94-4B7B-88B5-4414E59FBBA9}.Debug|Any CPU.ActiveCfg = Debug|Any CPU
		{4463A200-9D94-4B7B-88B5-4414E59FBBA9}.Debug|Any CPU.Build.0 = Debug|Any CPU
		{4463A200-9D94-4B7B-88B5-4414E59FBBA9}.Release|Any CPU.ActiveCfg = Release|Any CPU
		{4463A200-9D94-4B7B-88B5-4414E59FBBA9}.Release|Any CPU.Build.0 = Release|Any CPU
	EndGlobalSection
	GlobalSection(SolutionProperties) = preSolution
		HideSolutionNode = FALSE
	EndGlobalSection
	GlobalSection(ExtensibilityGlobals) = postSolution
		SolutionGuid = {17AC2906-A0FD-4A4B-9142-E0656D30C3FB}
	EndGlobalSection
EndGlobal
